# SHA-256  filename  immutable download URL
339655b93289c1b03c6a72523d46d3b0d19dc51406d3a90f8eefcbec525cb271  cmake-4.3.2-py3-none-manylinux2014_x86_64.manylinux_2_17_x86_64.whl  https://files.pythonhosted.org/packages/63/cd/1008be054420fd759b73d3328326d047ea693c3910a55cb2a597d911baee/cmake-4.3.2-py3-none-manylinux2014_x86_64.manylinux_2_17_x86_64.whl
fb46acf6b93b8dd0322adc3a4945452a4e774b75b91293bafcc7b7f8e6517dfa  ninja-1.13.0-py3-none-manylinux2014_x86_64.manylinux_2_17_x86_64.whl  https://files.pythonhosted.org/packages/ed/de/0e6edf44d6a04dabd0318a519125ed0415ce437ad5a1ec9b9be03d9048cf/ninja-1.13.0-py3-none-manylinux2014_x86_64.manylinux_2_17_x86_64.whl
